
Microsoft Visual Studio Solution File, Format Version 12.00
# Visual Studio 15
VisualStudioVersion = 15.0.26730.12
MinimumVisualStudioVersion = 10.0.40219.1
Project("{9A19103F-16F7-4668-BE54-9A1E7A4F7556}") = "RemsNG", "RemsNG\RemsNG.csproj", "{64D3C686-5787-401F-9C7A-2C8158DED570}"
EndProject
Project("{FAE04EC0-301F-11D3-BF4B-00C04F79EFBC}") = "RemsNgUitTest", "RemsNgUitTest\RemsNgUitTest.csproj", "{7128FEB0-5AB5-4C4A-B793-AF1891133055}"
EndProject
Global
	GlobalSection(SolutionConfigurationPlatforms) = preSolution
		Debug|Any CPU = Debug|Any CPU
		Release|Any CPU = Release|Any CPU
	EndGlobalSection
	GlobalSection(ProjectConfigurationPlatforms) = postSolution
		{64D3C686-5787-401F-9C7A-2C8158DED570}.Debug|Any CPU.ActiveCfg = Debug|Any CPU
		{64D3C686-5787-401F-9C7A-2C8158DED570}.Debug|Any CPU.Build.0 = Debug|Any CPU
		{64D3C686-5787-401F-9C7A-2C8158DED570}.Release|Any CPU.ActiveCfg = Release|Any CPU
		{64D3C686-5787-401F-9C7A-2C8158DED570}.Release|Any CPU.Build.0 = Release|Any CPU
		{7128FEB0-5AB5-4C4A-B793-AF1891133055}.Debug|Any CPU.ActiveCfg = Debug|Any CPU
		{7128FEB0-5AB5-4C4A-B793-AF1891133055}.Debug|Any CPU.Build.0 = Debug|Any CPU
		{7128FEB0-5AB5-4C4A-B793-AF1891133055}.Release|Any CPU.ActiveCfg = Release|Any CPU
		{7128FEB0-5AB5-4C4A-B793-AF1891133055}.Release|Any CPU.Build.0 = Release|Any CPU
	EndGlobalSection
	GlobalSection(SolutionProperties) = preSolution
		HideSolutionNode = FALSE
	EndGlobalSection
	GlobalSection(ExtensibilityGlobals) = postSolution
		SolutionGuid = {2AB52FD3-7B11-4BA4-9426-9B41C0EC4E0E}
	EndGlobalSection
EndGlobal
